// !$*UTF8*$!
{
	archiveVersion = 1;
	classes = {
	};
	objectVersion = 51;
	objects = {

/* Begin PBXBuildFile section */
		5240B29D68C3C29162FC28D1 /* Pods_cocktail_db.framework in Frameworks */ = {isa = PBXBuildFile; fileRef = F7092DAA0085D0AD0DBD0C94 /* Pods_cocktail_db.framework */; };
		CC1968A9239E643B00EB49DB /* AppDelegate.swift in Sources */ = {isa = PBXBuildFile; fileRef = CC1968A8239E643B00EB49DB /* AppDelegate.swift */; };
		CC1968B2239E643E00EB49DB /* Assets.xcassets in Resources */ = {isa = PBXBuildFile; fileRef = CC1968B1239E643E00EB49DB /* Assets.xcassets */; };
		CC1968C9239E705000EB49DB /* LaunchScreen.storyboard in Resources */ = {isa = PBXBuildFile; fileRef = CC1968C8239E705000EB49DB /* LaunchScreen.storyboard */; };
		CC1968CB239E71FC00EB49DB /* Main.storyboard in Resources */ = {isa = PBXBuildFile; fileRef = CC1968CA239E71FC00EB49DB /* Main.storyboard */; };
		CC1968CD239E75FA00EB49DB /* LTCocktailsTableViewController.swift in Sources */ = {isa = PBXBuildFile; fileRef = CC1968CC239E75FA00EB49DB /* LTCocktailsTableViewController.swift */; };
		CC8E01A2239FDDDF002265AD /* MBProgressHUD+CocktailDBStyle.swift in Sources */ = {isa = PBXBuildFile; fileRef = CC8E01A1239FDDDF002265AD /* MBProgressHUD+CocktailDBStyle.swift */; };
		CC8E01A6239FF720002265AD /* CoctkailDBAPI.swift in Sources */ = {isa = PBXBuildFile; fileRef = CC8E01A5239FF720002265AD /* CoctkailDBAPI.swift */; };
		CC8E01A923A00463002265AD /* CocktailCategory.swift in Sources */ = {isa = PBXBuildFile; fileRef = CC8E01A823A00463002265AD /* CocktailCategory.swift */; };
		CC8E01AB23A004F2002265AD /* Cocktail.swift in Sources */ = {isa = PBXBuildFile; fileRef = CC8E01AA23A004F2002265AD /* Cocktail.swift */; };
		CC8E01AD23A00729002265AD /* DrinksNetworkManager.swift in Sources */ = {isa = PBXBuildFile; fileRef = CC8E01AC23A00729002265AD /* DrinksNetworkManager.swift */; };
		CCB06F37239EBB6B000B6A9D /* UINavigationController+MBProgressHud.swift in Sources */ = {isa = PBXBuildFile; fileRef = CCB06F36239EBB6B000B6A9D /* UINavigationController+MBProgressHud.swift */; };
		CCB0B873239EB69C00D63DFF /* R.generated.swift in Sources */ = {isa = PBXBuildFile; fileRef = CCB0B872239EB69C00D63DFF /* R.generated.swift */; };
		CCE4AC3723A124540051D920 /* DrinksNetworkController.swift in Sources */ = {isa = PBXBuildFile; fileRef = CCE4AC3623A124540051D920 /* DrinksNetworkController.swift */; };
		CCE4AC3323A0FD0F0051D920 /* DrinksModelController.swift in Sources */ = {isa = PBXBuildFile; fileRef = CCE4AC3223A0FD0F0051D920 /* DrinksModelController.swift */; };
		CCE4AC3523A0FD280051D920 /* CategoryCocktailMap.swift in Sources */ = {isa = PBXBuildFile; fileRef = CCE4AC3423A0FD280051D920 /* CategoryCocktailMap.swift */; };
		CCEC489F239EC0F5009FC4AE /* LTFilterViewController.swift in Sources */ = {isa = PBXBuildFile; fileRef = CCEC489E239EC0F5009FC4AE /* LTFilterViewController.swift */; };
		CCF000DE239FADA000786737 /* LTFilterTableViewCell.swift in Sources */ = {isa = PBXBuildFile; fileRef = CCF000DC239FADA000786737 /* LTFilterTableViewCell.swift */; };
		CCF000DF239FADA000786737 /* LTFilterTableViewCell.xib in Resources */ = {isa = PBXBuildFile; fileRef = CCF000DD239FADA000786737 /* LTFilterTableViewCell.xib */; };
		CCF000F0239FB59700786737 /* Roboto-Medium.ttf in Resources */ = {isa = PBXBuildFile; fileRef = CCF000E3239FB59700786737 /* Roboto-Medium.ttf */; };
		CCF000F1239FB59700786737 /* Roboto-Light.ttf in Resources */ = {isa = PBXBuildFile; fileRef = CCF000E4239FB59700786737 /* Roboto-Light.ttf */; };
		CCF000F2239FB59700786737 /* Roboto-Regular.ttf in Resources */ = {isa = PBXBuildFile; fileRef = CCF000E5239FB59700786737 /* Roboto-Regular.ttf */; };
		CCF000F3239FB59700786737 /* Roboto-MediumItalic.ttf in Resources */ = {isa = PBXBuildFile; fileRef = CCF000E6239FB59700786737 /* Roboto-MediumItalic.ttf */; };
		CCF000F4239FB59700786737 /* Roboto-ThinItalic.ttf in Resources */ = {isa = PBXBuildFile; fileRef = CCF000E7239FB59700786737 /* Roboto-ThinItalic.ttf */; };
		CCF000F5239FB59700786737 /* Roboto-BoldItalic.ttf in Resources */ = {isa = PBXBuildFile; fileRef = CCF000E8239FB59700786737 /* Roboto-BoldItalic.ttf */; };
		CCF000F6239FB59700786737 /* Roboto-LightItalic.ttf in Resources */ = {isa = PBXBuildFile; fileRef = CCF000E9239FB59700786737 /* Roboto-LightItalic.ttf */; };
		CCF000F7239FB59700786737 /* Roboto-Italic.ttf in Resources */ = {isa = PBXBuildFile; fileRef = CCF000EA239FB59700786737 /* Roboto-Italic.ttf */; };
		CCF000F8239FB59700786737 /* LICENSE.txt in Resources */ = {isa = PBXBuildFile; fileRef = CCF000EB239FB59700786737 /* LICENSE.txt */; };
		CCF000F9239FB59700786737 /* Roboto-BlackItalic.ttf in Resources */ = {isa = PBXBuildFile; fileRef = CCF000EC239FB59700786737 /* Roboto-BlackItalic.ttf */; };
		CCF000FA239FB59700786737 /* Roboto-Bold.ttf in Resources */ = {isa = PBXBuildFile; fileRef = CCF000ED239FB59700786737 /* Roboto-Bold.ttf */; };
		CCF000FB239FB59700786737 /* Roboto-Thin.ttf in Resources */ = {isa = PBXBuildFile; fileRef = CCF000EE239FB59700786737 /* Roboto-Thin.ttf */; };
		CCF000FC239FB59700786737 /* Roboto-Black.ttf in Resources */ = {isa = PBXBuildFile; fileRef = CCF000EF239FB59700786737 /* Roboto-Black.ttf */; };
		CCF000FF239FB5F800786737 /* UIView+Style.swift in Sources */ = {isa = PBXBuildFile; fileRef = CCF000FE239FB5F800786737 /* UIView+Style.swift */; };
		E8867C03239FFEB10016BF2A /* SceneDelegate.swift in Sources */ = {isa = PBXBuildFile; fileRef = E8867C02239FFEB10016BF2A /* SceneDelegate.swift */; };
/* End PBXBuildFile section */

/* Begin PBXFileReference section */
		3C874878D0298534A41064B5 /* Pods-cocktail_db.debug.xcconfig */ = {isa = PBXFileReference; includeInIndex = 1; lastKnownFileType = text.xcconfig; name = "Pods-cocktail_db.debug.xcconfig"; path = "Target Support Files/Pods-cocktail_db/Pods-cocktail_db.debug.xcconfig"; sourceTree = "<group>"; };
		AD99B699AE1A063181806215 /* Pods-cocktail_db.release.xcconfig */ = {isa = PBXFileReference; includeInIndex = 1; lastKnownFileType = text.xcconfig; name = "Pods-cocktail_db.release.xcconfig"; path = "Target Support Files/Pods-cocktail_db/Pods-cocktail_db.release.xcconfig"; sourceTree = "<group>"; };
		CC1968A5239E643B00EB49DB /* Cocktail DB.app */ = {isa = PBXFileReference; explicitFileType = wrapper.application; includeInIndex = 0; path = "Cocktail DB.app"; sourceTree = BUILT_PRODUCTS_DIR; };
		CC1968A8239E643B00EB49DB /* AppDelegate.swift */ = {isa = PBXFileReference; lastKnownFileType = sourcecode.swift; path = AppDelegate.swift; sourceTree = "<group>"; };
		CC1968B1239E643E00EB49DB /* Assets.xcassets */ = {isa = PBXFileReference; lastKnownFileType = folder.assetcatalog; path = Assets.xcassets; sourceTree = "<group>"; };
		CC1968B6239E643E00EB49DB /* Info.plist */ = {isa = PBXFileReference; lastKnownFileType = text.plist.xml; name = Info.plist; path = ../Info.plist; sourceTree = "<group>"; };
		CC1968C8239E705000EB49DB /* LaunchScreen.storyboard */ = {isa = PBXFileReference; fileEncoding = 4; lastKnownFileType = file.storyboard; path = LaunchScreen.storyboard; sourceTree = "<group>"; };
		CC1968CA239E71FC00EB49DB /* Main.storyboard */ = {isa = PBXFileReference; lastKnownFileType = file.storyboard; path = Main.storyboard; sourceTree = "<group>"; };
		CC1968CC239E75FA00EB49DB /* LTCocktailsTableViewController.swift */ = {isa = PBXFileReference; lastKnownFileType = sourcecode.swift; path = LTCocktailsTableViewController.swift; sourceTree = "<group>"; };
		CC8E01A1239FDDDF002265AD /* MBProgressHUD+CocktailDBStyle.swift */ = {isa = PBXFileReference; lastKnownFileType = sourcecode.swift; path = "MBProgressHUD+CocktailDBStyle.swift"; sourceTree = "<group>"; };
		CC8E01A5239FF720002265AD /* CoctkailDBAPI.swift */ = {isa = PBXFileReference; lastKnownFileType = sourcecode.swift; path = CoctkailDBAPI.swift; sourceTree = "<group>"; };
		CC8E01A823A00463002265AD /* CocktailCategory.swift */ = {isa = PBXFileReference; lastKnownFileType = sourcecode.swift; path = CocktailCategory.swift; sourceTree = "<group>"; };
		CC8E01AA23A004F2002265AD /* Cocktail.swift */ = {isa = PBXFileReference; lastKnownFileType = sourcecode.swift; path = Cocktail.swift; sourceTree = "<group>"; };
		CC8E01AC23A00729002265AD /* DrinksNetworkManager.swift */ = {isa = PBXFileReference; lastKnownFileType = sourcecode.swift; path = DrinksNetworkManager.swift; sourceTree = "<group>"; };
		CCB06F36239EBB6B000B6A9D /* UINavigationController+MBProgressHud.swift */ = {isa = PBXFileReference; lastKnownFileType = sourcecode.swift; path = "UINavigationController+MBProgressHud.swift"; sourceTree = "<group>"; };
		CCB0B872239EB69C00D63DFF /* R.generated.swift */ = {isa = PBXFileReference; fileEncoding = 4; lastKnownFileType = sourcecode.swift; path = R.generated.swift; sourceTree = "<group>"; };
		CCE4AC3623A124540051D920 /* DrinksNetworkController.swift */ = {isa = PBXFileReference; lastKnownFileType = sourcecode.swift; path = DrinksNetworkController.swift; sourceTree = "<group>"; };
		CCE4AC3223A0FD0F0051D920 /* DrinksModelController.swift */ = {isa = PBXFileReference; lastKnownFileType = sourcecode.swift; path = DrinksModelController.swift; sourceTree = "<group>"; };
		CCE4AC3423A0FD280051D920 /* CategoryCocktailMap.swift */ = {isa = PBXFileReference; lastKnownFileType = sourcecode.swift; path = CategoryCocktailMap.swift; sourceTree = "<group>"; };
		CCEC489E239EC0F5009FC4AE /* LTFilterViewController.swift */ = {isa = PBXFileReference; lastKnownFileType = sourcecode.swift; path = LTFilterViewController.swift; sourceTree = "<group>"; };
		CCF000DC239FADA000786737 /* LTFilterTableViewCell.swift */ = {isa = PBXFileReference; lastKnownFileType = sourcecode.swift; path = LTFilterTableViewCell.swift; sourceTree = "<group>"; };
		CCF000DD239FADA000786737 /* LTFilterTableViewCell.xib */ = {isa = PBXFileReference; lastKnownFileType = file.xib; path = LTFilterTableViewCell.xib; sourceTree = "<group>"; };
		CCF000E3239FB59700786737 /* Roboto-Medium.ttf */ = {isa = PBXFileReference; lastKnownFileType = file; path = "Roboto-Medium.ttf"; sourceTree = "<group>"; };
		CCF000E4239FB59700786737 /* Roboto-Light.ttf */ = {isa = PBXFileReference; lastKnownFileType = file; path = "Roboto-Light.ttf"; sourceTree = "<group>"; };
		CCF000E5239FB59700786737 /* Roboto-Regular.ttf */ = {isa = PBXFileReference; lastKnownFileType = file; path = "Roboto-Regular.ttf"; sourceTree = "<group>"; };
		CCF000E6239FB59700786737 /* Roboto-MediumItalic.ttf */ = {isa = PBXFileReference; lastKnownFileType = file; path = "Roboto-MediumItalic.ttf"; sourceTree = "<group>"; };
		CCF000E7239FB59700786737 /* Roboto-ThinItalic.ttf */ = {isa = PBXFileReference; lastKnownFileType = file; path = "Roboto-ThinItalic.ttf"; sourceTree = "<group>"; };
		CCF000E8239FB59700786737 /* Roboto-BoldItalic.ttf */ = {isa = PBXFileReference; lastKnownFileType = file; path = "Roboto-BoldItalic.ttf"; sourceTree = "<group>"; };
		CCF000E9239FB59700786737 /* Roboto-LightItalic.ttf */ = {isa = PBXFileReference; lastKnownFileType = file; path = "Roboto-LightItalic.ttf"; sourceTree = "<group>"; };
		CCF000EA239FB59700786737 /* Roboto-Italic.ttf */ = {isa = PBXFileReference; lastKnownFileType = file; path = "Roboto-Italic.ttf"; sourceTree = "<group>"; };
		CCF000EB239FB59700786737 /* LICENSE.txt */ = {isa = PBXFileReference; fileEncoding = 4; lastKnownFileType = text; path = LICENSE.txt; sourceTree = "<group>"; };
		CCF000EC239FB59700786737 /* Roboto-BlackItalic.ttf */ = {isa = PBXFileReference; lastKnownFileType = file; path = "Roboto-BlackItalic.ttf"; sourceTree = "<group>"; };
		CCF000ED239FB59700786737 /* Roboto-Bold.ttf */ = {isa = PBXFileReference; lastKnownFileType = file; path = "Roboto-Bold.ttf"; sourceTree = "<group>"; };
		CCF000EE239FB59700786737 /* Roboto-Thin.ttf */ = {isa = PBXFileReference; lastKnownFileType = file; path = "Roboto-Thin.ttf"; sourceTree = "<group>"; };
		CCF000EF239FB59700786737 /* Roboto-Black.ttf */ = {isa = PBXFileReference; lastKnownFileType = file; path = "Roboto-Black.ttf"; sourceTree = "<group>"; };
		CCF000FE239FB5F800786737 /* UIView+Style.swift */ = {isa = PBXFileReference; lastKnownFileType = sourcecode.swift; path = "UIView+Style.swift"; sourceTree = "<group>"; };
		E8867C02239FFEB10016BF2A /* SceneDelegate.swift */ = {isa = PBXFileReference; fileEncoding = 4; lastKnownFileType = sourcecode.swift; path = SceneDelegate.swift; sourceTree = "<group>"; };
		F7092DAA0085D0AD0DBD0C94 /* Pods_cocktail_db.framework */ = {isa = PBXFileReference; explicitFileType = wrapper.framework; includeInIndex = 0; path = Pods_cocktail_db.framework; sourceTree = BUILT_PRODUCTS_DIR; };
/* End PBXFileReference section */

/* Begin PBXFrameworksBuildPhase section */
		CC1968A2239E643B00EB49DB /* Frameworks */ = {
			isa = PBXFrameworksBuildPhase;
			buildActionMask = 2147483647;
			files = (
				5240B29D68C3C29162FC28D1 /* Pods_cocktail_db.framework in Frameworks */,
			);
			runOnlyForDeploymentPostprocessing = 0;
		};
/* End PBXFrameworksBuildPhase section */

/* Begin PBXGroup section */
		3F3DFFC2C419B70C392FF866 /* Frameworks */ = {
			isa = PBXGroup;
			children = (
				F7092DAA0085D0AD0DBD0C94 /* Pods_cocktail_db.framework */,
			);
			name = Frameworks;
			sourceTree = "<group>";
		};
		94861CFADAEF50A88FA262CE /* Pods */ = {
			isa = PBXGroup;
			children = (
				3C874878D0298534A41064B5 /* Pods-cocktail_db.debug.xcconfig */,
				AD99B699AE1A063181806215 /* Pods-cocktail_db.release.xcconfig */,
			);
			path = Pods;
			sourceTree = "<group>";
		};
		CC19689C239E643B00EB49DB = {
			isa = PBXGroup;
			children = (
				CC1968A7239E643B00EB49DB /* cocktail_db */,
				94861CFADAEF50A88FA262CE /* Pods */,
				3F3DFFC2C419B70C392FF866 /* Frameworks */,
			);
			sourceTree = "<group>";
		};
		CC1968A6239E643B00EB49DB /* Products */ = {
			isa = PBXGroup;
			children = (
				CC1968A5239E643B00EB49DB /* Cocktail DB.app */,
			);
			name = Products;
			path = ..;
			sourceTree = "<group>";
		};
		CC1968A7239E643B00EB49DB /* cocktail_db */ = {
			isa = PBXGroup;
			children = (
				CC1968A8239E643B00EB49DB /* AppDelegate.swift */,
				CC1968B1239E643E00EB49DB /* Assets.xcassets */,
				CC1968A6239E643B00EB49DB /* Products */,
				CCF000E0239FB58800786737 /* Resources */,
				E8867C02239FFEB10016BF2A /* SceneDelegate.swift */,
				CC1968C2239E6FA400EB49DB /* Supporting Files */,
				CC1968BC239E6F4900EB49DB /* Сlasses */,
			);
			path = cocktail_db;
			sourceTree = "<group>";
		};
		CC1968BC239E6F4900EB49DB /* Сlasses */ = {
			isa = PBXGroup;
			children = (
				CCB06F35239EBB50000B6A9D /* Extensions */,
				CC1968C1239E6F9600EB49DB /* Helpers */,
				CC1968C0239E6F9100EB49DB /* API */,
				CC1968BF239E6F7A00EB49DB /* Controllers */,
				CC1968BE239E6F7300EB49DB /* Views */,
				CC1968BD239E6F6900EB49DB /* Models */,
			);
			path = "Сlasses";
			sourceTree = "<group>";
		};
		CC1968BD239E6F6900EB49DB /* Models */ = {
			isa = PBXGroup;
			children = (
				CC8E01A723A00425002265AD /* Objects */,
			);
			path = Models;
			sourceTree = "<group>";
		};
		CC1968BE239E6F7300EB49DB /* Views */ = {
			isa = PBXGroup;
			children = (
				CCB0B86D239E9A9A00D63DFF /* Cells */,
			);
			path = Views;
			sourceTree = "<group>";
		};
		CC1968BF239E6F7A00EB49DB /* Controllers */ = {
			isa = PBXGroup;
			children = (
				CC1968C3239E6FCE00EB49DB /* Core */,
			);
			path = Controllers;
			sourceTree = "<group>";
		};
		CC1968C0239E6F9100EB49DB /* API */ = {
			isa = PBXGroup;
			children = (
				CC8E01A5239FF720002265AD /* CoctkailDBAPI.swift */,
			);
			path = API;
			sourceTree = "<group>";
		};
		CC1968C1239E6F9600EB49DB /* Helpers */ = {
			isa = PBXGroup;
			children = (
				CC8E01AC23A00729002265AD /* DrinksNetworkManager.swift */,
				CCE4AC3623A124540051D920 /* DrinksNetworkController.swift */,
				CCE4AC3223A0FD0F0051D920 /* DrinksModelController.swift */,
			);
			path = Helpers;
			sourceTree = "<group>";
		};
		CC1968C2239E6FA400EB49DB /* Supporting Files */ = {
			isa = PBXGroup;
			children = (
				CC1968C8239E705000EB49DB /* LaunchScreen.storyboard */,
				CC1968B6239E643E00EB49DB /* Info.plist */,
				CCB0B872239EB69C00D63DFF /* R.generated.swift */,
			);
			path = "Supporting Files";
			sourceTree = "<group>";
		};
		CC1968C3239E6FCE00EB49DB /* Core */ = {
			isa = PBXGroup;
			children = (
				CC1968CA239E71FC00EB49DB /* Main.storyboard */,
				CC1968CC239E75FA00EB49DB /* LTCocktailsTableViewController.swift */,
				CCEC489E239EC0F5009FC4AE /* LTFilterViewController.swift */,
			);
			path = Core;
			sourceTree = "<group>";
		};
		CC8E01A723A00425002265AD /* Objects */ = {
			isa = PBXGroup;
			children = (
				CC8E01A823A00463002265AD /* CocktailCategory.swift */,
				CC8E01AA23A004F2002265AD /* Cocktail.swift */,
				CCE4AC3423A0FD280051D920 /* CategoryCocktailMap.swift */,
			);
			path = Objects;
			sourceTree = "<group>";
		};
		CCB06F35239EBB50000B6A9D /* Extensions */ = {
			isa = PBXGroup;
			children = (
				CCB06F36239EBB6B000B6A9D /* UINavigationController+MBProgressHud.swift */,
				CC8E01A1239FDDDF002265AD /* MBProgressHUD+CocktailDBStyle.swift */,
				CCF000FE239FB5F800786737 /* UIView+Style.swift */,
			);
			path = Extensions;
			sourceTree = "<group>";
		};
		CCB0B86D239E9A9A00D63DFF /* Cells */ = {
			isa = PBXGroup;
			children = (
				CCF000DC239FADA000786737 /* LTFilterTableViewCell.swift */,
				CCF000DD239FADA000786737 /* LTFilterTableViewCell.xib */,
			);
			path = Cells;
			sourceTree = "<group>";
		};
		CCF000E0239FB58800786737 /* Resources */ = {
			isa = PBXGroup;
			children = (
				CCF000E1239FB58D00786737 /* Fonts */,
			);
			path = Resources;
			sourceTree = "<group>";
		};
		CCF000E1239FB58D00786737 /* Fonts */ = {
			isa = PBXGroup;
			children = (
				CCF000E2239FB59700786737 /* Roboto */,
			);
			path = Fonts;
			sourceTree = "<group>";
		};
		CCF000E2239FB59700786737 /* Roboto */ = {
			isa = PBXGroup;
			children = (
				CCF000E3239FB59700786737 /* Roboto-Medium.ttf */,
				CCF000E4239FB59700786737 /* Roboto-Light.ttf */,
				CCF000E5239FB59700786737 /* Roboto-Regular.ttf */,
				CCF000E6239FB59700786737 /* Roboto-MediumItalic.ttf */,
				CCF000E7239FB59700786737 /* Roboto-ThinItalic.ttf */,
				CCF000E8239FB59700786737 /* Roboto-BoldItalic.ttf */,
				CCF000E9239FB59700786737 /* Roboto-LightItalic.ttf */,
				CCF000EA239FB59700786737 /* Roboto-Italic.ttf */,
				CCF000EB239FB59700786737 /* LICENSE.txt */,
				CCF000EC239FB59700786737 /* Roboto-BlackItalic.ttf */,
				CCF000ED239FB59700786737 /* Roboto-Bold.ttf */,
				CCF000EE239FB59700786737 /* Roboto-Thin.ttf */,
				CCF000EF239FB59700786737 /* Roboto-Black.ttf */,
			);
			path = Roboto;
			sourceTree = "<group>";
		};
/* End PBXGroup section */

/* Begin PBXNativeTarget section */
		CC1968A4239E643B00EB49DB /* cocktail_db */ = {
			isa = PBXNativeTarget;
			buildConfigurationList = CC1968B9239E643E00EB49DB /* Build configuration list for PBXNativeTarget "cocktail_db" */;
			buildPhases = (
				4CCCAD1CDE67B7F2C80F2EF7 /* [CP] Check Pods Manifest.lock */,
				CCB0B86E239EA11E00D63DFF /* Rswift */,
				CC1968A1239E643B00EB49DB /* Sources */,
				CC1968A2239E643B00EB49DB /* Frameworks */,
				CC1968A3239E643B00EB49DB /* Resources */,
				6F4AA539A08F41DFFB2F58F2 /* [CP] Embed Pods Frameworks */,
			);
			buildRules = (
			);
			dependencies = (
			);
			name = cocktail_db;
			productName = cocktail_db;
			productReference = CC1968A5239E643B00EB49DB /* Cocktail DB.app */;
			productType = "com.apple.product-type.application";
		};
/* End PBXNativeTarget section */

/* Begin PBXProject section */
		CC19689D239E643B00EB49DB /* Project object */ = {
			isa = PBXProject;
			attributes = {
				LastSwiftUpdateCheck = 1120;
				LastUpgradeCheck = 1120;
				ORGANIZATIONNAME = ltst;
				TargetAttributes = {
					CC1968A4239E643B00EB49DB = {
						CreatedOnToolsVersion = 11.2.1;
					};
				};
			};
			buildConfigurationList = CC1968A0239E643B00EB49DB /* Build configuration list for PBXProject "cocktail_db" */;
			compatibilityVersion = "Xcode 9.3";
			developmentRegion = en;
			hasScannedForEncodings = 0;
			knownRegions = (
				en,
				Base,
			);
			mainGroup = CC19689C239E643B00EB49DB;
			productRefGroup = CC1968A6239E643B00EB49DB /* Products */;
			projectDirPath = "";
			projectRoot = "";
			targets = (
				CC1968A4239E643B00EB49DB /* cocktail_db */,
			);
		};
/* End PBXProject section */

/* Begin PBXResourcesBuildPhase section */
		CC1968A3239E643B00EB49DB /* Resources */ = {
			isa = PBXResourcesBuildPhase;
			buildActionMask = 2147483647;
			files = (
				CCF000FB239FB59700786737 /* Roboto-Thin.ttf in Resources */,
				CCF000F0239FB59700786737 /* Roboto-Medium.ttf in Resources */,
				CCF000F7239FB59700786737 /* Roboto-Italic.ttf in Resources */,
				CCF000FA239FB59700786737 /* Roboto-Bold.ttf in Resources */,
				CCF000F6239FB59700786737 /* Roboto-LightItalic.ttf in Resources */,
				CCF000FC239FB59700786737 /* Roboto-Black.ttf in Resources */,
				CCF000F9239FB59700786737 /* Roboto-BlackItalic.ttf in Resources */,
				CCF000F2239FB59700786737 /* Roboto-Regular.ttf in Resources */,
				CC1968C9239E705000EB49DB /* LaunchScreen.storyboard in Resources */,
				CCF000F8239FB59700786737 /* LICENSE.txt in Resources */,
				CCF000F1239FB59700786737 /* Roboto-Light.ttf in Resources */,
				CCF000F3239FB59700786737 /* Roboto-MediumItalic.ttf in Resources */,
				CC1968CB239E71FC00EB49DB /* Main.storyboard in Resources */,
				CCF000F4239FB59700786737 /* Roboto-ThinItalic.ttf in Resources */,
				CC1968B2239E643E00EB49DB /* Assets.xcassets in Resources */,
				CCF000F5239FB59700786737 /* Roboto-BoldItalic.ttf in Resources */,
				CCF000DF239FADA000786737 /* LTFilterTableViewCell.xib in Resources */,
			);
			runOnlyForDeploymentPostprocessing = 0;
		};
/* End PBXResourcesBuildPhase section */

/* Begin PBXShellScriptBuildPhase section */
		4CCCAD1CDE67B7F2C80F2EF7 /* [CP] Check Pods Manifest.lock */ = {
			isa = PBXShellScriptBuildPhase;
			buildActionMask = 2147483647;
			files = (
			);
			inputFileListPaths = (
			);
			inputPaths = (
				"${PODS_PODFILE_DIR_PATH}/Podfile.lock",
				"${PODS_ROOT}/Manifest.lock",
			);
			name = "[CP] Check Pods Manifest.lock";
			outputFileListPaths = (
			);
			outputPaths = (
				"$(DERIVED_FILE_DIR)/Pods-cocktail_db-checkManifestLockResult.txt",
			);
			runOnlyForDeploymentPostprocessing = 0;
			shellPath = /bin/sh;
			shellScript = "diff \"${PODS_PODFILE_DIR_PATH}/Podfile.lock\" \"${PODS_ROOT}/Manifest.lock\" > /dev/null\nif [ $? != 0 ] ; then\n    # print error to STDERR\n    echo \"error: The sandbox is not in sync with the Podfile.lock. Run 'pod install' or update your CocoaPods installation.\" >&2\n    exit 1\nfi\n# This output is used by Xcode 'outputs' to avoid re-running this script phase.\necho \"SUCCESS\" > \"${SCRIPT_OUTPUT_FILE_0}\"\n";
			showEnvVarsInLog = 0;
		};
		6F4AA539A08F41DFFB2F58F2 /* [CP] Embed Pods Frameworks */ = {
			isa = PBXShellScriptBuildPhase;
			buildActionMask = 2147483647;
			files = (
			);
			inputFileListPaths = (
				"${PODS_ROOT}/Target Support Files/Pods-cocktail_db/Pods-cocktail_db-frameworks-${CONFIGURATION}-input-files.xcfilelist",
			);
			name = "[CP] Embed Pods Frameworks";
			outputFileListPaths = (
				"${PODS_ROOT}/Target Support Files/Pods-cocktail_db/Pods-cocktail_db-frameworks-${CONFIGURATION}-output-files.xcfilelist",
			);
			runOnlyForDeploymentPostprocessing = 0;
			shellPath = /bin/sh;
			shellScript = "\"${PODS_ROOT}/Target Support Files/Pods-cocktail_db/Pods-cocktail_db-frameworks.sh\"\n";
			showEnvVarsInLog = 0;
		};
		CCB0B86E239EA11E00D63DFF /* Rswift */ = {
			isa = PBXShellScriptBuildPhase;
			buildActionMask = 2147483647;
			files = (
			);
			inputFileListPaths = (
			);
			inputPaths = (
				"$TEMP_DIR/rswift-lastrun",
			);
			name = Rswift;
			outputFileListPaths = (
			);
			outputPaths = (
				"$SRCROOT/cocktail_db/Supporting Files/R.generated.swift",
			);
			runOnlyForDeploymentPostprocessing = 0;
			shellPath = /bin/sh;
			shellScript = "\"$PODS_ROOT/R.swift/rswift\" generate \"$SRCROOT/cocktail_db/Supporting Files/R.generated.swift\"\n";
		};
/* End PBXShellScriptBuildPhase section */

/* Begin PBXSourcesBuildPhase section */
		CC1968A1239E643B00EB49DB /* Sources */ = {
			isa = PBXSourcesBuildPhase;
			buildActionMask = 2147483647;
			files = (
				CC1968A9239E643B00EB49DB /* AppDelegate.swift in Sources */,
				CCE4AC3523A0FD280051D920 /* CategoryCocktailMap.swift in Sources */,
				CC1968CD239E75FA00EB49DB /* LTCocktailsTableViewController.swift in Sources */,
				CCE4AC3323A0FD0F0051D920 /* DrinksModelController.swift in Sources */,
				CC8E01AD23A00729002265AD /* DrinksNetworkManager.swift in Sources */,
				E8867C03239FFEB10016BF2A /* SceneDelegate.swift in Sources */,
				CCB0B873239EB69C00D63DFF /* R.generated.swift in Sources */,
				CCB06F37239EBB6B000B6A9D /* UINavigationController+MBProgressHud.swift in Sources */,
				CCF000FF239FB5F800786737 /* UIView+Style.swift in Sources */,
				CCEC489F239EC0F5009FC4AE /* LTFilterViewController.swift in Sources */,
				CC8E01A2239FDDDF002265AD /* MBProgressHUD+CocktailDBStyle.swift in Sources */,
				CC8E01A6239FF720002265AD /* CoctkailDBAPI.swift in Sources */,
				CCF000DE239FADA000786737 /* LTFilterTableViewCell.swift in Sources */,
				CC8E01A923A00463002265AD /* CocktailCategory.swift in Sources */,
				CC8E01AB23A004F2002265AD /* Cocktail.swift in Sources */,
				CCE4AC3723A124540051D920 /* DrinksNetworkController.swift in Sources */,
			);
			runOnlyForDeploymentPostprocessing = 0;
		};
/* End PBXSourcesBuildPhase section */

/* Begin XCBuildConfiguration section */
		CC1968B7239E643E00EB49DB /* Debug */ = {
			isa = XCBuildConfiguration;
			buildSettings = {
				ALWAYS_SEARCH_USER_PATHS = NO;
				CLANG_ANALYZER_NONNULL = YES;
				CLANG_ANALYZER_NUMBER_OBJECT_CONVERSION = YES_AGGRESSIVE;
				CLANG_CXX_LANGUAGE_STANDARD = "gnu++14";
				CLANG_CXX_LIBRARY = "libc++";
				CLANG_ENABLE_MODULES = YES;
				CLANG_ENABLE_OBJC_ARC = YES;
				CLANG_ENABLE_OBJC_WEAK = YES;
				CLANG_WARN_BLOCK_CAPTURE_AUTORELEASING = YES;
				CLANG_WARN_BOOL_CONVERSION = YES;
				CLANG_WARN_COMMA = YES;
				CLANG_WARN_CONSTANT_CONVERSION = YES;
				CLANG_WARN_DEPRECATED_OBJC_IMPLEMENTATIONS = YES;
				CLANG_WARN_DIRECT_OBJC_ISA_USAGE = YES_ERROR;
				CLANG_WARN_DOCUMENTATION_COMMENTS = YES;
				CLANG_WARN_EMPTY_BODY = YES;
				CLANG_WARN_ENUM_CONVERSION = YES;
				CLANG_WARN_INFINITE_RECURSION = YES;
				CLANG_WARN_INT_CONVERSION = YES;
				CLANG_WARN_NON_LITERAL_NULL_CONVERSION = YES;
				CLANG_WARN_OBJC_IMPLICIT_RETAIN_SELF = YES;
				CLANG_WARN_OBJC_LITERAL_CONVERSION = YES;
				CLANG_WARN_OBJC_ROOT_CLASS = YES_ERROR;
				CLANG_WARN_RANGE_LOOP_ANALYSIS = YES;
				CLANG_WARN_STRICT_PROTOTYPES = YES;
				CLANG_WARN_SUSPICIOUS_MOVE = YES;
				CLANG_WARN_UNGUARDED_AVAILABILITY = YES_AGGRESSIVE;
				CLANG_WARN_UNREACHABLE_CODE = YES;
				CLANG_WARN__DUPLICATE_METHOD_MATCH = YES;
				COPY_PHASE_STRIP = NO;
				DEBUG_INFORMATION_FORMAT = dwarf;
				ENABLE_STRICT_OBJC_MSGSEND = YES;
				ENABLE_TESTABILITY = YES;
				GCC_C_LANGUAGE_STANDARD = gnu11;
				GCC_DYNAMIC_NO_PIC = NO;
				GCC_NO_COMMON_BLOCKS = YES;
				GCC_OPTIMIZATION_LEVEL = 0;
				GCC_PREPROCESSOR_DEFINITIONS = (
					"DEBUG=1",
					"$(inherited)",
				);
				GCC_WARN_64_TO_32_BIT_CONVERSION = YES;
				GCC_WARN_ABOUT_RETURN_TYPE = YES_ERROR;
				GCC_WARN_UNDECLARED_SELECTOR = YES;
				GCC_WARN_UNINITIALIZED_AUTOS = YES_AGGRESSIVE;
				GCC_WARN_UNUSED_FUNCTION = YES;
				GCC_WARN_UNUSED_VARIABLE = YES;
				IPHONEOS_DEPLOYMENT_TARGET = 13.2;
				MTL_ENABLE_DEBUG_INFO = INCLUDE_SOURCE;
				MTL_FAST_MATH = YES;
				ONLY_ACTIVE_ARCH = YES;
				SDKROOT = iphoneos;
				SWIFT_ACTIVE_COMPILATION_CONDITIONS = DEBUG;
				SWIFT_OPTIMIZATION_LEVEL = "-Onone";
			};
			name = Debug;
		};
		CC1968B8239E643E00EB49DB /* Release */ = {
			isa = XCBuildConfiguration;
			buildSettings = {
				ALWAYS_SEARCH_USER_PATHS = NO;
				CLANG_ANALYZER_NONNULL = YES;
				CLANG_ANALYZER_NUMBER_OBJECT_CONVERSION = YES_AGGRESSIVE;
				CLANG_CXX_LANGUAGE_STANDARD = "gnu++14";
				CLANG_CXX_LIBRARY = "libc++";
				CLANG_ENABLE_MODULES = YES;
				CLANG_ENABLE_OBJC_ARC = YES;
				CLANG_ENABLE_OBJC_WEAK = YES;
				CLANG_WARN_BLOCK_CAPTURE_AUTORELEASING = YES;
				CLANG_WARN_BOOL_CONVERSION = YES;
				CLANG_WARN_COMMA = YES;
				CLANG_WARN_CONSTANT_CONVERSION = YES;
				CLANG_WARN_DEPRECATED_OBJC_IMPLEMENTATIONS = YES;
				CLANG_WARN_DIRECT_OBJC_ISA_USAGE = YES_ERROR;
				CLANG_WARN_DOCUMENTATION_COMMENTS = YES;
				CLANG_WARN_EMPTY_BODY = YES;
				CLANG_WARN_ENUM_CONVERSION = YES;
				CLANG_WARN_INFINITE_RECURSION = YES;
				CLANG_WARN_INT_CONVERSION = YES;
				CLANG_WARN_NON_LITERAL_NULL_CONVERSION = YES;
				CLANG_WARN_OBJC_IMPLICIT_RETAIN_SELF = YES;
				CLANG_WARN_OBJC_LITERAL_CONVERSION = YES;
				CLANG_WARN_OBJC_ROOT_CLASS = YES_ERROR;
				CLANG_WARN_RANGE_LOOP_ANALYSIS = YES;
				CLANG_WARN_STRICT_PROTOTYPES = YES;
				CLANG_WARN_SUSPICIOUS_MOVE = YES;
				CLANG_WARN_UNGUARDED_AVAILABILITY = YES_AGGRESSIVE;
				CLANG_WARN_UNREACHABLE_CODE = YES;
				CLANG_WARN__DUPLICATE_METHOD_MATCH = YES;
				COPY_PHASE_STRIP = NO;
				DEBUG_INFORMATION_FORMAT = "dwarf-with-dsym";
				ENABLE_NS_ASSERTIONS = NO;
				ENABLE_STRICT_OBJC_MSGSEND = YES;
				GCC_C_LANGUAGE_STANDARD = gnu11;
				GCC_NO_COMMON_BLOCKS = YES;
				GCC_WARN_64_TO_32_BIT_CONVERSION = YES;
				GCC_WARN_ABOUT_RETURN_TYPE = YES_ERROR;
				GCC_WARN_UNDECLARED_SELECTOR = YES;
				GCC_WARN_UNINITIALIZED_AUTOS = YES_AGGRESSIVE;
				GCC_WARN_UNUSED_FUNCTION = YES;
				GCC_WARN_UNUSED_VARIABLE = YES;
				IPHONEOS_DEPLOYMENT_TARGET = 13.2;
				MTL_ENABLE_DEBUG_INFO = NO;
				MTL_FAST_MATH = YES;
				SDKROOT = iphoneos;
				SWIFT_COMPILATION_MODE = wholemodule;
				SWIFT_OPTIMIZATION_LEVEL = "-O";
				VALIDATE_PRODUCT = YES;
			};
			name = Release;
		};
		CC1968BA239E643E00EB49DB /* Debug */ = {
			isa = XCBuildConfiguration;
			baseConfigurationReference = 3C874878D0298534A41064B5 /* Pods-cocktail_db.debug.xcconfig */;
			buildSettings = {
				ASSETCATALOG_COMPILER_APPICON_NAME = AppIcon;
				CODE_SIGN_STYLE = Automatic;
				DEVELOPMENT_TEAM = KFZ28KXC39;
				INFOPLIST_FILE = cocktail_db/Info.plist;
				IPHONEOS_DEPLOYMENT_TARGET = 10.0;
				LD_RUNPATH_SEARCH_PATHS = (
					"$(inherited)",
					"@executable_path/Frameworks",
				);
				PRODUCT_BUNDLE_IDENTIFIER = "com.ltst.cocktail-db";
				PRODUCT_NAME = "Cocktail DB";
				SWIFT_VERSION = 5.0;
				TARGETED_DEVICE_FAMILY = 1;
			};
			name = Debug;
		};
		CC1968BB239E643E00EB49DB /* Release */ = {
			isa = XCBuildConfiguration;
			baseConfigurationReference = AD99B699AE1A063181806215 /* Pods-cocktail_db.release.xcconfig */;
			buildSettings = {
				ASSETCATALOG_COMPILER_APPICON_NAME = AppIcon;
				CODE_SIGN_STYLE = Automatic;
				DEVELOPMENT_TEAM = KFZ28KXC39;
				INFOPLIST_FILE = cocktail_db/Info.plist;
				IPHONEOS_DEPLOYMENT_TARGET = 10.0;
				LD_RUNPATH_SEARCH_PATHS = (
					"$(inherited)",
					"@executable_path/Frameworks",
				);
				PRODUCT_BUNDLE_IDENTIFIER = "com.ltst.cocktail-db";
				PRODUCT_NAME = "Cocktail DB";
				SWIFT_VERSION = 5.0;
				TARGETED_DEVICE_FAMILY = 1;
			};
			name = Release;
		};
/* End XCBuildConfiguration section */

/* Begin XCConfigurationList section */
		CC1968A0239E643B00EB49DB /* Build configuration list for PBXProject "cocktail_db" */ = {
			isa = XCConfigurationList;
			buildConfigurations = (
				CC1968B7239E643E00EB49DB /* Debug */,
				CC1968B8239E643E00EB49DB /* Release */,
			);
			defaultConfigurationIsVisible = 0;
			defaultConfigurationName = Release;
		};
		CC1968B9239E643E00EB49DB /* Build configuration list for PBXNativeTarget "cocktail_db" */ = {
			isa = XCConfigurationList;
			buildConfigurations = (
				CC1968BA239E643E00EB49DB /* Debug */,
				CC1968BB239E643E00EB49DB /* Release */,
			);
			defaultConfigurationIsVisible = 0;
			defaultConfigurationName = Release;
		};
/* End XCConfigurationList section */
	};
	rootObject = CC19689D239E643B00EB49DB /* Project object */;
}
